// !$*UTF8*$!
{
	archiveVersion = 1;
	classes = {
	};
	objectVersion = 46;
	objects = {

/* Begin PBXBuildFile section */
		0B29A0F0937C3BD68564827E /* libPods-Birthday Countdown.a in Frameworks */ = {isa = PBXBuildFile; fileRef = 22A74BA9CABDBB17B15F37E2 /* libPods-Birthday Countdown.a */; };
		27E924931F579C2800739DE7 /* ClockTick.wav in Resources */ = {isa = PBXBuildFile; fileRef = 27E924921F579C2800739DE7 /* ClockTick.wav */; };
		27E924951F57A48900739DE7 /* BirthdaySong.mp3 in Resources */ = {isa = PBXBuildFile; fileRef = 27E924941F57A48900739DE7 /* BirthdaySong.mp3 */; };
		27E924971F57A5D800739DE7 /* Mute.png in Resources */ = {isa = PBXBuildFile; fileRef = 27E924961F57A5D800739DE7 /* Mute.png */; };
		27E924991F57A5F800739DE7 /* UnMute.png in Resources */ = {isa = PBXBuildFile; fileRef = 27E924981F57A5F800739DE7 /* UnMute.png */; };
		27E924A11F57AE7100739DE7 /* AppDelegate.swift in Sources */ = {isa = PBXBuildFile; fileRef = 27E924A01F57AE7100739DE7 /* AppDelegate.swift */; };
		27E924A31F57AE7100739DE7 /* ViewController.swift in Sources */ = {isa = PBXBuildFile; fileRef = 27E924A21F57AE7100739DE7 /* ViewController.swift */; };
		27E924A61F57AE7100739DE7 /* Main.storyboard in Resources */ = {isa = PBXBuildFile; fileRef = 27E924A41F57AE7100739DE7 /* Main.storyboard */; };
		27E924A81F57AE7100739DE7 /* Assets.xcassets in Resources */ = {isa = PBXBuildFile; fileRef = 27E924A71F57AE7100739DE7 /* Assets.xcassets */; };
		27E924AB1F57AE7100739DE7 /* LaunchScreen.storyboard in Resources */ = {isa = PBXBuildFile; fileRef = 27E924A91F57AE7100739DE7 /* LaunchScreen.storyboard */; };
		27E924CC1F57AF3C00739DE7 /* ClockTick.wav in Resources */ = {isa = PBXBuildFile; fileRef = 27E924921F579C2800739DE7 /* ClockTick.wav */; };
		27E924CD1F57AF3F00739DE7 /* UnMute.png in Resources */ = {isa = PBXBuildFile; fileRef = 27E924981F57A5F800739DE7 /* UnMute.png */; };
		27E924CE1F57AF4400739DE7 /* Mute.png in Resources */ = {isa = PBXBuildFile; fileRef = 27E924961F57A5D800739DE7 /* Mute.png */; };
		27E924CF1F57AF4F00739DE7 /* BirthdayViewController.swift in Sources */ = {isa = PBXBuildFile; fileRef = 9525E02D1F3551F6008E6815 /* BirthdayViewController.swift */; };
		27E924D31F57AF5B00739DE7 /* birthdayCountdownViewController.swift in Sources */ = {isa = PBXBuildFile; fileRef = 9525E0281F3548DC008E6815 /* birthdayCountdownViewController.swift */; };
		27E924D41F57AF5B00739DE7 /* BirthdayCountdownViewModel.swift in Sources */ = {isa = PBXBuildFile; fileRef = 95F9BFC21F36DDE3003444E3 /* BirthdayCountdownViewModel.swift */; };
		27E924D51F57AF6200739DE7 /* BirthdayChooserViewController.swift in Sources */ = {isa = PBXBuildFile; fileRef = 9525E0221F3545D9008E6815 /* BirthdayChooserViewController.swift */; };
		27E924D61F57AF6D00739DE7 /* AppDelegate.swift in Sources */ = {isa = PBXBuildFile; fileRef = 9525E0101F35447D008E6815 /* AppDelegate.swift */; };
		9525E0111F35447D008E6815 /* AppDelegate.swift in Sources */ = {isa = PBXBuildFile; fileRef = 9525E0101F35447D008E6815 /* AppDelegate.swift */; };
		9525E0161F35447D008E6815 /* datepick.storyboard in Resources */ = {isa = PBXBuildFile; fileRef = 9525E0141F35447D008E6815 /* datepick.storyboard */; };
		9525E0181F35447D008E6815 /* Assets.xcassets in Resources */ = {isa = PBXBuildFile; fileRef = 9525E0171F35447D008E6815 /* Assets.xcassets */; };
		9525E01B1F35447D008E6815 /* LaunchScreen.storyboard in Resources */ = {isa = PBXBuildFile; fileRef = 9525E0191F35447D008E6815 /* LaunchScreen.storyboard */; };
		9525E0271F3548C2008E6815 /* BirthdayCountdown.storyboard in Resources */ = {isa = PBXBuildFile; fileRef = 9525E0261F3548C2008E6815 /* BirthdayCountdown.storyboard */; };
		9525E0291F3548DC008E6815 /* birthdayCountdownViewController.swift in Sources */ = {isa = PBXBuildFile; fileRef = 9525E0281F3548DC008E6815 /* birthdayCountdownViewController.swift */; };
		9525E02C1F3551E8008E6815 /* Birthday.storyboard in Resources */ = {isa = PBXBuildFile; fileRef = 9525E02B1F3551E8008E6815 /* Birthday.storyboard */; };
		9525E02E1F3551F6008E6815 /* BirthdayViewController.swift in Sources */ = {isa = PBXBuildFile; fileRef = 9525E02D1F3551F6008E6815 /* BirthdayViewController.swift */; };
		95F9BFBF1F358954003444E3 /* datePickModel.swift in Sources */ = {isa = PBXBuildFile; fileRef = 95F9BFBE1F358954003444E3 /* datePickModel.swift */; };
		95F9BFC11F358A1C003444E3 /* DatePickViewModel.swift in Sources */ = {isa = PBXBuildFile; fileRef = 95F9BFC01F358A1C003444E3 /* DatePickViewModel.swift */; };
		95F9BFC31F36DDE3003444E3 /* BirthdayCountdownViewModel.swift in Sources */ = {isa = PBXBuildFile; fileRef = 95F9BFC21F36DDE3003444E3 /* BirthdayCountdownViewModel.swift */; };
/* End PBXBuildFile section */

/* Begin PBXFileReference section */
		22A74BA9CABDBB17B15F37E2 /* libPods-Birthday Countdown.a */ = {isa = PBXFileReference; explicitFileType = archive.ar; includeInIndex = 0; path = "libPods-Birthday Countdown.a"; sourceTree = BUILT_PRODUCTS_DIR; };
		27E924921F579C2800739DE7 /* ClockTick.wav */ = {isa = PBXFileReference; lastKnownFileType = audio.wav; path = ClockTick.wav; sourceTree = "<group>"; };
		27E924941F57A48900739DE7 /* BirthdaySong.mp3 */ = {isa = PBXFileReference; lastKnownFileType = audio.mp3; path = BirthdaySong.mp3; sourceTree = "<group>"; };
		27E924961F57A5D800739DE7 /* Mute.png */ = {isa = PBXFileReference; lastKnownFileType = image.png; path = Mute.png; sourceTree = "<group>"; };
		27E924981F57A5F800739DE7 /* UnMute.png */ = {isa = PBXFileReference; lastKnownFileType = image.png; path = UnMute.png; sourceTree = "<group>"; };
		27E9249E1F57AE7100739DE7 /* Christmas Countdown.app */ = {isa = PBXFileReference; explicitFileType = wrapper.application; includeInIndex = 0; path = "Christmas Countdown.app"; sourceTree = BUILT_PRODUCTS_DIR; };
		27E924A01F57AE7100739DE7 /* AppDelegate.swift */ = {isa = PBXFileReference; lastKnownFileType = sourcecode.swift; path = AppDelegate.swift; sourceTree = "<group>"; };
		27E924A21F57AE7100739DE7 /* ViewController.swift */ = {isa = PBXFileReference; lastKnownFileType = sourcecode.swift; path = ViewController.swift; sourceTree = "<group>"; };
		27E924A51F57AE7100739DE7 /* Base */ = {isa = PBXFileReference; lastKnownFileType = file.storyboard; name = Base; path = Base.lproj/Main.storyboard; sourceTree = "<group>"; };
		27E924A71F57AE7100739DE7 /* Assets.xcassets */ = {isa = PBXFileReference; lastKnownFileType = folder.assetcatalog; path = Assets.xcassets; sourceTree = "<group>"; };
		27E924AA1F57AE7100739DE7 /* Base */ = {isa = PBXFileReference; lastKnownFileType = file.storyboard; name = Base; path = Base.lproj/LaunchScreen.storyboard; sourceTree = "<group>"; };
		27E924AC1F57AE7100739DE7 /* Info.plist */ = {isa = PBXFileReference; lastKnownFileType = text.plist.xml; path = Info.plist; sourceTree = "<group>"; };
		627CE1CC680679C9DF592E73 /* Pods-Birthday Countdown.debug.xcconfig */ = {isa = PBXFileReference; includeInIndex = 1; lastKnownFileType = text.xcconfig; name = "Pods-Birthday Countdown.debug.xcconfig"; path = "Pods/Target Support Files/Pods-Birthday Countdown/Pods-Birthday Countdown.debug.xcconfig"; sourceTree = "<group>"; };
		9525E00D1F35447D008E6815 /* Birthday Countdown.app */ = {isa = PBXFileReference; explicitFileType = wrapper.application; includeInIndex = 0; path = "Birthday Countdown.app"; sourceTree = BUILT_PRODUCTS_DIR; };
		9525E0101F35447D008E6815 /* AppDelegate.swift */ = {isa = PBXFileReference; lastKnownFileType = sourcecode.swift; path = AppDelegate.swift; sourceTree = "<group>"; };
		9525E0151F35447D008E6815 /* Base */ = {isa = PBXFileReference; lastKnownFileType = file.storyboard; name = Base; path = Base.lproj/datepick.storyboard; sourceTree = "<group>"; };
		9525E0171F35447D008E6815 /* Assets.xcassets */ = {isa = PBXFileReference; lastKnownFileType = folder.assetcatalog; path = Assets.xcassets; sourceTree = "<group>"; };
		9525E01A1F35447D008E6815 /* Base */ = {isa = PBXFileReference; lastKnownFileType = file.storyboard; name = Base; path = Base.lproj/LaunchScreen.storyboard; sourceTree = "<group>"; };
		9525E01C1F35447D008E6815 /* Info.plist */ = {isa = PBXFileReference; lastKnownFileType = text.plist.xml; path = Info.plist; sourceTree = "<group>"; };
		9525E0221F3545D9008E6815 /* BirthdayChooserViewController.swift */ = {isa = PBXFileReference; fileEncoding = 4; lastKnownFileType = sourcecode.swift; path = BirthdayChooserViewController.swift; sourceTree = "<group>"; };
		9525E0261F3548C2008E6815 /* BirthdayCountdown.storyboard */ = {isa = PBXFileReference; fileEncoding = 4; lastKnownFileType = file.storyboard; path = BirthdayCountdown.storyboard; sourceTree = "<group>"; };
		9525E0281F3548DC008E6815 /* birthdayCountdownViewController.swift */ = {isa = PBXFileReference; fileEncoding = 4; lastKnownFileType = sourcecode.swift; name = birthdayCountdownViewController.swift; path = Assets.xcassets/birthdayCountdownViewController.swift; sourceTree = "<group>"; };
		9525E02B1F3551E8008E6815 /* Birthday.storyboard */ = {isa = PBXFileReference; fileEncoding = 4; lastKnownFileType = file.storyboard; path = Birthday.storyboard; sourceTree = "<group>"; };
		9525E02D1F3551F6008E6815 /* BirthdayViewController.swift */ = {isa = PBXFileReference; fileEncoding = 4; lastKnownFileType = sourcecode.swift; path = BirthdayViewController.swift; sourceTree = "<group>"; };
		95F9BFBE1F358954003444E3 /* datePickModel.swift */ = {isa = PBXFileReference; fileEncoding = 4; lastKnownFileType = sourcecode.swift; path = datePickModel.swift; sourceTree = "<group>"; };
		95F9BFC01F358A1C003444E3 /* DatePickViewModel.swift */ = {isa = PBXFileReference; fileEncoding = 4; lastKnownFileType = sourcecode.swift; path = DatePickViewModel.swift; sourceTree = "<group>"; };
		95F9BFC21F36DDE3003444E3 /* BirthdayCountdownViewModel.swift */ = {isa = PBXFileReference; fileEncoding = 4; lastKnownFileType = sourcecode.swift; path = BirthdayCountdownViewModel.swift; sourceTree = "<group>"; };
		CB0902B478ACD56D44465C23 /* Pods-Birthday Countdown.release.xcconfig */ = {isa = PBXFileReference; includeInIndex = 1; lastKnownFileType = text.xcconfig; name = "Pods-Birthday Countdown.release.xcconfig"; path = "Pods/Target Support Files/Pods-Birthday Countdown/Pods-Birthday Countdown.release.xcconfig"; sourceTree = "<group>"; };
/* End PBXFileReference section */

/* Begin PBXFrameworksBuildPhase section */
		27E9249B1F57AE7100739DE7 /* Frameworks */ = {
			isa = PBXFrameworksBuildPhase;
			buildActionMask = 2147483647;
			files = (
			);
			runOnlyForDeploymentPostprocessing = 0;
		};
		9525E00A1F35447D008E6815 /* Frameworks */ = {
			isa = PBXFrameworksBuildPhase;
			buildActionMask = 2147483647;
			files = (
				0B29A0F0937C3BD68564827E /* libPods-Birthday Countdown.a in Frameworks */,
			);
			runOnlyForDeploymentPostprocessing = 0;
		};
/* End PBXFrameworksBuildPhase section */

/* Begin PBXGroup section */
		27E924911F579BCA00739DE7 /* Assets */ = {
			isa = PBXGroup;
			children = (
				27E924961F57A5D800739DE7 /* Mute.png */,
				27E924921F579C2800739DE7 /* ClockTick.wav */,
				27E924981F57A5F800739DE7 /* UnMute.png */,
				27E924941F57A48900739DE7 /* BirthdaySong.mp3 */,
			);
			name = Assets;
			sourceTree = "<group>";
		};
		27E9249F1F57AE7100739DE7 /* Christmas Countdown */ = {
			isa = PBXGroup;
			children = (
				27E924A01F57AE7100739DE7 /* AppDelegate.swift */,
				27E924A21F57AE7100739DE7 /* ViewController.swift */,
				27E924A41F57AE7100739DE7 /* Main.storyboard */,
				27E924A71F57AE7100739DE7 /* Assets.xcassets */,
				27E924A91F57AE7100739DE7 /* LaunchScreen.storyboard */,
				27E924AC1F57AE7100739DE7 /* Info.plist */,
			);
			path = "Christmas Countdown";
			sourceTree = "<group>";
		};
		514F5FB08DA5D280DDA9FA20 /* Pods */ = {
			isa = PBXGroup;
			children = (
				627CE1CC680679C9DF592E73 /* Pods-Birthday Countdown.debug.xcconfig */,
				CB0902B478ACD56D44465C23 /* Pods-Birthday Countdown.release.xcconfig */,
			);
			name = Pods;
			sourceTree = "<group>";
		};
		9525E0041F35447D008E6815 = {
			isa = PBXGroup;
			children = (
				27E924911F579BCA00739DE7 /* Assets */,
				9525E00F1F35447D008E6815 /* Birthday Countdown */,
				27E9249F1F57AE7100739DE7 /* Christmas Countdown */,
				9525E00E1F35447D008E6815 /* Products */,
				514F5FB08DA5D280DDA9FA20 /* Pods */,
				D2C818F37701DBDEB2F6AC30 /* Frameworks */,
			);
			sourceTree = "<group>";
		};
		9525E00E1F35447D008E6815 /* Products */ = {
			isa = PBXGroup;
			children = (
				9525E00D1F35447D008E6815 /* Birthday Countdown.app */,
				27E9249E1F57AE7100739DE7 /* Christmas Countdown.app */,
			);
			name = Products;
			sourceTree = "<group>";
		};
		9525E00F1F35447D008E6815 /* Birthday Countdown */ = {
			isa = PBXGroup;
			children = (
				9525E02A1F3551C9008E6815 /* Bithday */,
				9525E0251F354882008E6815 /* date picker */,
				9525E0241F35487E008E6815 /* Birthday Countdown */,
				9525E0101F35447D008E6815 /* AppDelegate.swift */,
				9525E0171F35447D008E6815 /* Assets.xcassets */,
				9525E0191F35447D008E6815 /* LaunchScreen.storyboard */,
				9525E01C1F35447D008E6815 /* Info.plist */,
			);
			path = "Birthday Countdown";
			sourceTree = "<group>";
		};
		9525E0241F35487E008E6815 /* Birthday Countdown */ = {
			isa = PBXGroup;
			children = (
				9525E0261F3548C2008E6815 /* BirthdayCountdown.storyboard */,
				9525E0281F3548DC008E6815 /* birthdayCountdownViewController.swift */,
				95F9BFC21F36DDE3003444E3 /* BirthdayCountdownViewModel.swift */,
			);
			name = "Birthday Countdown";
			sourceTree = "<group>";
		};
		9525E0251F354882008E6815 /* date picker */ = {
			isa = PBXGroup;
			children = (
				9525E0221F3545D9008E6815 /* BirthdayChooserViewController.swift */,
				9525E0141F35447D008E6815 /* datepick.storyboard */,
				95F9BFBE1F358954003444E3 /* datePickModel.swift */,
				95F9BFC01F358A1C003444E3 /* DatePickViewModel.swift */,
			);
			name = "date picker";
			sourceTree = "<group>";
		};
		9525E02A1F3551C9008E6815 /* Bithday */ = {
			isa = PBXGroup;
			children = (
				9525E02B1F3551E8008E6815 /* Birthday.storyboard */,
				9525E02D1F3551F6008E6815 /* BirthdayViewController.swift */,
			);
			name = Bithday;
			sourceTree = "<group>";
		};
		D2C818F37701DBDEB2F6AC30 /* Frameworks */ = {
			isa = PBXGroup;
			children = (
				22A74BA9CABDBB17B15F37E2 /* libPods-Birthday Countdown.a */,
			);
			name = Frameworks;
			sourceTree = "<group>";
		};
/* End PBXGroup section */

/* Begin PBXNativeTarget section */
		27E9249D1F57AE7100739DE7 /* Christmas Countdown */ = {
			isa = PBXNativeTarget;
			buildConfigurationList = 27E924C31F57AE7200739DE7 /* Build configuration list for PBXNativeTarget "Christmas Countdown" */;
			buildPhases = (
				27E9249A1F57AE7100739DE7 /* Sources */,
				27E9249B1F57AE7100739DE7 /* Frameworks */,
				27E9249C1F57AE7100739DE7 /* Resources */,
			);
			buildRules = (
			);
			dependencies = (
			);
			name = "Christmas Countdown";
			productName = "Christmas Countdown";
			productReference = 27E9249E1F57AE7100739DE7 /* Christmas Countdown.app */;
			productType = "com.apple.product-type.application";
		};
		9525E00C1F35447D008E6815 /* Birthday Countdown */ = {
			isa = PBXNativeTarget;
			buildConfigurationList = 9525E01F1F35447D008E6815 /* Build configuration list for PBXNativeTarget "Birthday Countdown" */;
			buildPhases = (
				27092E1FA289ABD1E85226B0 /* [CP] Check Pods Manifest.lock */,
				9525E0091F35447D008E6815 /* Sources */,
				9525E00A1F35447D008E6815 /* Frameworks */,
				9525E00B1F35447D008E6815 /* Resources */,
				1833ABB5246E3B2EEBC5D594 /* [CP] Embed Pods Frameworks */,
				AD4E5EDF47F8D7CAF42037AC /* [CP] Copy Pods Resources */,
			);
			buildRules = (
			);
			dependencies = (
			);
			name = "Birthday Countdown";
			productName = "Birthday Countdown";
			productReference = 9525E00D1F35447D008E6815 /* Birthday Countdown.app */;
			productType = "com.apple.product-type.application";
		};
/* End PBXNativeTarget section */

/* Begin PBXProject section */
		9525E0051F35447D008E6815 /* Project object */ = {
			isa = PBXProject;
			attributes = {
				LastSwiftUpdateCheck = 0830;
				LastUpgradeCheck = 0830;
				ORGANIZATIONNAME = Jetmax;
				TargetAttributes = {
					27E9249D1F57AE7100739DE7 = {
						CreatedOnToolsVersion = 8.3.3;
						ProvisioningStyle = Automatic;
					};
					9525E00C1F35447D008E6815 = {
						CreatedOnToolsVersion = 8.3.3;
						ProvisioningStyle = Automatic;
					};
				};
			};
			buildConfigurationList = 9525E0081F35447D008E6815 /* Build configuration list for PBXProject "Birthday Countdown" */;
			compatibilityVersion = "Xcode 3.2";
			developmentRegion = English;
			hasScannedForEncodings = 0;
			knownRegions = (
				en,
				Base,
			);
			mainGroup = 9525E0041F35447D008E6815;
			productRefGroup = 9525E00E1F35447D008E6815 /* Products */;
			projectDirPath = "";
			projectRoot = "";
			targets = (
				9525E00C1F35447D008E6815 /* Birthday Countdown */,
				27E9249D1F57AE7100739DE7 /* Christmas Countdown */,
			);
		};
/* End PBXProject section */

/* Begin PBXResourcesBuildPhase section */
		27E9249C1F57AE7100739DE7 /* Resources */ = {
			isa = PBXResourcesBuildPhase;
			buildActionMask = 2147483647;
			files = (
				27E924CE1F57AF4400739DE7 /* Mute.png in Resources */,
				27E924CC1F57AF3C00739DE7 /* ClockTick.wav in Resources */,
				27E924AB1F57AE7100739DE7 /* LaunchScreen.storyboard in Resources */,
				27E924CD1F57AF3F00739DE7 /* UnMute.png in Resources */,
				27E924A81F57AE7100739DE7 /* Assets.xcassets in Resources */,
				27E924A61F57AE7100739DE7 /* Main.storyboard in Resources */,
			);
			runOnlyForDeploymentPostprocessing = 0;
		};
		9525E00B1F35447D008E6815 /* Resources */ = {
			isa = PBXResourcesBuildPhase;
			buildActionMask = 2147483647;
			files = (
				27E924991F57A5F800739DE7 /* UnMute.png in Resources */,
				9525E01B1F35447D008E6815 /* LaunchScreen.storyboard in Resources */,
				9525E0181F35447D008E6815 /* Assets.xcassets in Resources */,
				27E924931F579C2800739DE7 /* ClockTick.wav in Resources */,
				9525E0161F35447D008E6815 /* datepick.storyboard in Resources */,
				9525E02C1F3551E8008E6815 /* Birthday.storyboard in Resources */,
				9525E0271F3548C2008E6815 /* BirthdayCountdown.storyboard in Resources */,
				27E924971F57A5D800739DE7 /* Mute.png in Resources */,
				27E924951F57A48900739DE7 /* BirthdaySong.mp3 in Resources */,
			);
			runOnlyForDeploymentPostprocessing = 0;
		};
/* End PBXResourcesBuildPhase section */

/* Begin PBXShellScriptBuildPhase section */
		1833ABB5246E3B2EEBC5D594 /* [CP] Embed Pods Frameworks */ = {
			isa = PBXShellScriptBuildPhase;
			buildActionMask = 2147483647;
			files = (
			);
			inputPaths = (
			);
			name = "[CP] Embed Pods Frameworks";
			outputPaths = (
			);
			runOnlyForDeploymentPostprocessing = 0;
			shellPath = /bin/sh;
			shellScript = "\"${SRCROOT}/Pods/Target Support Files/Pods-Birthday Countdown/Pods-Birthday Countdown-frameworks.sh\"\n";
			showEnvVarsInLog = 0;
		};
		27092E1FA289ABD1E85226B0 /* [CP] Check Pods Manifest.lock */ = {
			isa = PBXShellScriptBuildPhase;
			buildActionMask = 2147483647;
			files = (
			);
			inputPaths = (
				"${PODS_PODFILE_DIR_PATH}/Podfile.lock",
				"${PODS_ROOT}/Manifest.lock",
			);
			name = "[CP] Check Pods Manifest.lock";
			outputPaths = (
				"$(DERIVED_FILE_DIR)/Pods-Birthday Countdown-checkManifestLockResult.txt",
			);
			runOnlyForDeploymentPostprocessing = 0;
			shellPath = /bin/sh;
			shellScript = "diff \"${PODS_PODFILE_DIR_PATH}/Podfile.lock\" \"${PODS_ROOT}/Manifest.lock\" > /dev/null\nif [ $? != 0 ] ; then\n    # print error to STDERR\n    echo \"error: The sandbox is not in sync with the Podfile.lock. Run 'pod install' or update your CocoaPods installation.\" >&2\n    exit 1\nfi\n# This output is used by Xcode 'outputs' to avoid re-running this script phase.\necho \"SUCCESS\" > \"${SCRIPT_OUTPUT_FILE_0}\"\n";
			showEnvVarsInLog = 0;
		};
		AD4E5EDF47F8D7CAF42037AC /* [CP] Copy Pods Resources */ = {
			isa = PBXShellScriptBuildPhase;
			buildActionMask = 2147483647;
			files = (
			);
			inputPaths = (
			);
			name = "[CP] Copy Pods Resources";
			outputPaths = (
			);
			runOnlyForDeploymentPostprocessing = 0;
			shellPath = /bin/sh;
			shellScript = "\"${SRCROOT}/Pods/Target Support Files/Pods-Birthday Countdown/Pods-Birthday Countdown-resources.sh\"\n";
			showEnvVarsInLog = 0;
		};
/* End PBXShellScriptBuildPhase section */

/* Begin PBXSourcesBuildPhase section */
		27E9249A1F57AE7100739DE7 /* Sources */ = {
			isa = PBXSourcesBuildPhase;
			buildActionMask = 2147483647;
			files = (
				27E924D61F57AF6D00739DE7 /* AppDelegate.swift in Sources */,
				27E924A31F57AE7100739DE7 /* ViewController.swift in Sources */,
				27E924A11F57AE7100739DE7 /* AppDelegate.swift in Sources */,
				27E924CF1F57AF4F00739DE7 /* BirthdayViewController.swift in Sources */,
				27E924D41F57AF5B00739DE7 /* BirthdayCountdownViewModel.swift in Sources */,
				27E924D31F57AF5B00739DE7 /* birthdayCountdownViewController.swift in Sources */,
			);
			runOnlyForDeploymentPostprocessing = 0;
		};
		9525E0091F35447D008E6815 /* Sources */ = {
			isa = PBXSourcesBuildPhase;
			buildActionMask = 2147483647;
			files = (
				9525E0291F3548DC008E6815 /* birthdayCountdownViewController.swift in Sources */,
				95F9BFC31F36DDE3003444E3 /* BirthdayCountdownViewModel.swift in Sources */,
				9525E02E1F3551F6008E6815 /* BirthdayViewController.swift in Sources */,
				95F9BFBF1F358954003444E3 /* datePickModel.swift in Sources */,
				27E924D51F57AF6200739DE7 /* BirthdayChooserViewController.swift in Sources */,
				95F9BFC11F358A1C003444E3 /* DatePickViewModel.swift in Sources */,
				9525E0111F35447D008E6815 /* AppDelegate.swift in Sources */,
			);
			runOnlyForDeploymentPostprocessing = 0;
		};
/* End PBXSourcesBuildPhase section */

/* Begin PBXVariantGroup section */
		27E924A41F57AE7100739DE7 /* Main.storyboard */ = {
			isa = PBXVariantGroup;
			children = (
				27E924A51F57AE7100739DE7 /* Base */,
			);
			name = Main.storyboard;
			sourceTree = "<group>";
		};
		27E924A91F57AE7100739DE7 /* LaunchScreen.storyboard */ = {
			isa = PBXVariantGroup;
			children = (
				27E924AA1F57AE7100739DE7 /* Base */,
			);
			name = LaunchScreen.storyboard;
			sourceTree = "<group>";
		};
		9525E0141F35447D008E6815 /* datepick.storyboard */ = {
			isa = PBXVariantGroup;
			children = (
				9525E0151F35447D008E6815 /* Base */,
			);
			name = datepick.storyboard;
			sourceTree = "<group>";
		};
		9525E0191F35447D008E6815 /* LaunchScreen.storyboard */ = {
			isa = PBXVariantGroup;
			children = (
				9525E01A1F35447D008E6815 /* Base */,
			);
			name = LaunchScreen.storyboard;
			sourceTree = "<group>";
		};
/* End PBXVariantGroup section */

/* Begin XCBuildConfiguration section */
		27E924C41F57AE7200739DE7 /* Debug */ = {
			isa = XCBuildConfiguration;
			buildSettings = {
				ASSETCATALOG_COMPILER_APPICON_NAME = AppIcon;
				INFOPLIST_FILE = "Christmas Countdown/Info.plist";
				LD_RUNPATH_SEARCH_PATHS = "$(inherited) @executable_path/Frameworks";
				OTHER_SWIFT_FLAGS = "-DCHRISTMAS";
				PRODUCT_BUNDLE_IDENTIFIER = "com.JetmaxStudios.Christmas-Countdown";
				PRODUCT_NAME = "$(TARGET_NAME)";
				SWIFT_VERSION = 3.0;
			};
			name = Debug;
		};
		27E924C51F57AE7200739DE7 /* Release */ = {
			isa = XCBuildConfiguration;
			buildSettings = {
				ASSETCATALOG_COMPILER_APPICON_NAME = AppIcon;
				INFOPLIST_FILE = "Christmas Countdown/Info.plist";
				LD_RUNPATH_SEARCH_PATHS = "$(inherited) @executable_path/Frameworks";
				OTHER_SWIFT_FLAGS = "-DCHRISTMAS";
				PRODUCT_BUNDLE_IDENTIFIER = "com.JetmaxStudios.Christmas-Countdown";
				PRODUCT_NAME = "$(TARGET_NAME)";
				SWIFT_VERSION = 3.0;
			};
			name = Release;
		};
		9525E01D1F35447D008E6815 /* Debug */ = {
			isa = XCBuildConfiguration;
			buildSettings = {
				ALWAYS_SEARCH_USER_PATHS = NO;
				CLANG_ANALYZER_NONNULL = YES;
				CLANG_ANALYZER_NUMBER_OBJECT_CONVERSION = YES_AGGRESSIVE;
				CLANG_CXX_LANGUAGE_STANDARD = "gnu++0x";
				CLANG_CXX_LIBRARY = "libc++";
				CLANG_ENABLE_MODULES = YES;
				CLANG_ENABLE_OBJC_ARC = YES;
				CLANG_WARN_BOOL_CONVERSION = YES;
				CLANG_WARN_CONSTANT_CONVERSION = YES;
				CLANG_WARN_DIRECT_OBJC_ISA_USAGE = YES_ERROR;
				CLANG_WARN_DOCUMENTATION_COMMENTS = YES;
				CLANG_WARN_EMPTY_BODY = YES;
				CLANG_WARN_ENUM_CONVERSION = YES;
				CLANG_WARN_INFINITE_RECURSION = YES;
				CLANG_WARN_INT_CONVERSION = YES;
				CLANG_WARN_OBJC_ROOT_CLASS = YES_ERROR;
				CLANG_WARN_SUSPICIOUS_MOVE = YES;
				CLANG_WARN_UNREACHABLE_CODE = YES;
				CLANG_WARN__DUPLICATE_METHOD_MATCH = YES;
				"CODE_SIGN_IDENTITY[sdk=iphoneos*]" = "iPhone Developer";
				COPY_PHASE_STRIP = NO;
				DEBUG_INFORMATION_FORMAT = dwarf;
				ENABLE_STRICT_OBJC_MSGSEND = YES;
				ENABLE_TESTABILITY = YES;
				GCC_C_LANGUAGE_STANDARD = gnu99;
				GCC_DYNAMIC_NO_PIC = NO;
				GCC_NO_COMMON_BLOCKS = YES;
				GCC_OPTIMIZATION_LEVEL = 0;
				GCC_PREPROCESSOR_DEFINITIONS = (
					"DEBUG=1",
					"$(inherited)",
				);
				GCC_WARN_64_TO_32_BIT_CONVERSION = YES;
				GCC_WARN_ABOUT_RETURN_TYPE = YES_ERROR;
				GCC_WARN_UNDECLARED_SELECTOR = YES;
				GCC_WARN_UNINITIALIZED_AUTOS = YES_AGGRESSIVE;
				GCC_WARN_UNUSED_FUNCTION = YES;
				GCC_WARN_UNUSED_VARIABLE = YES;
				IPHONEOS_DEPLOYMENT_TARGET = 10.3;
				MTL_ENABLE_DEBUG_INFO = YES;
				ONLY_ACTIVE_ARCH = YES;
				SDKROOT = iphoneos;
				SWIFT_ACTIVE_COMPILATION_CONDITIONS = DEBUG;
				SWIFT_OPTIMIZATION_LEVEL = "-Onone";
				TARGETED_DEVICE_FAMILY = "1,2";
			};
			name = Debug;
		};
		9525E01E1F35447D008E6815 /* Release */ = {
			isa = XCBuildConfiguration;
			buildSettings = {
				ALWAYS_SEARCH_USER_PATHS = NO;
				CLANG_ANALYZER_NONNULL = YES;
				CLANG_ANALYZER_NUMBER_OBJECT_CONVERSION = YES_AGGRESSIVE;
				CLANG_CXX_LANGUAGE_STANDARD = "gnu++0x";
				CLANG_CXX_LIBRARY = "libc++";
				CLANG_ENABLE_MODULES = YES;
				CLANG_ENABLE_OBJC_ARC = YES;
				CLANG_WARN_BOOL_CONVERSION = YES;
				CLANG_WARN_CONSTANT_CONVERSION = YES;
				CLANG_WARN_DIRECT_OBJC_ISA_USAGE = YES_ERROR;
				CLANG_WARN_DOCUMENTATION_COMMENTS = YES;
				CLANG_WARN_EMPTY_BODY = YES;
				CLANG_WARN_ENUM_CONVERSION = YES;
				CLANG_WARN_INFINITE_RECURSION = YES;
				CLANG_WARN_INT_CONVERSION = YES;
				CLANG_WARN_OBJC_ROOT_CLASS = YES_ERROR;
				CLANG_WARN_SUSPICIOUS_MOVE = YES;
				CLANG_WARN_UNREACHABLE_CODE = YES;
				CLANG_WARN__DUPLICATE_METHOD_MATCH = YES;
				"CODE_SIGN_IDENTITY[sdk=iphoneos*]" = "iPhone Developer";
				COPY_PHASE_STRIP = NO;
				DEBUG_INFORMATION_FORMAT = "dwarf-with-dsym";
				ENABLE_NS_ASSERTIONS = NO;
				ENABLE_STRICT_OBJC_MSGSEND = YES;
				GCC_C_LANGUAGE_STANDARD = gnu99;
				GCC_NO_COMMON_BLOCKS = YES;
				GCC_WARN_64_TO_32_BIT_CONVERSION = YES;
				GCC_WARN_ABOUT_RETURN_TYPE = YES_ERROR;
				GCC_WARN_UNDECLARED_SELECTOR = YES;
				GCC_WARN_UNINITIALIZED_AUTOS = YES_AGGRESSIVE;
				GCC_WARN_UNUSED_FUNCTION = YES;
				GCC_WARN_UNUSED_VARIABLE = YES;
				IPHONEOS_DEPLOYMENT_TARGET = 10.3;
				MTL_ENABLE_DEBUG_INFO = NO;
				SDKROOT = iphoneos;
				SWIFT_OPTIMIZATION_LEVEL = "-Owholemodule";
				TARGETED_DEVICE_FAMILY = "1,2";
				VALIDATE_PRODUCT = YES;
			};
			name = Release;
		};
		9525E0201F35447D008E6815 /* Debug */ = {
			isa = XCBuildConfiguration;
			baseConfigurationReference = 627CE1CC680679C9DF592E73 /* Pods-Birthday Countdown.debug.xcconfig */;
			buildSettings = {
				ASSETCATALOG_COMPILER_APPICON_NAME = AppIcon;
				DEVELOPMENT_TEAM = "";
				ENABLE_BITCODE = NO;
				INFOPLIST_FILE = "Birthday Countdown/Info.plist";
				LD_RUNPATH_SEARCH_PATHS = "$(inherited) @executable_path/Frameworks";
				OTHER_SWIFT_FLAGS = "-DBIRTHDAY";
				PRODUCT_BUNDLE_IDENTIFIER = "com.JetmaxStudios.Birthday-Countdown";
				PRODUCT_NAME = "$(TARGET_NAME)";
				SWIFT_VERSION = 3.0;
			};
			name = Debug;
		};
		9525E0211F35447D008E6815 /* Release */ = {
			isa = XCBuildConfiguration;
			baseConfigurationReference = CB0902B478ACD56D44465C23 /* Pods-Birthday Countdown.release.xcconfig */;
			buildSettings = {
				ASSETCATALOG_COMPILER_APPICON_NAME = AppIcon;
				DEVELOPMENT_TEAM = "";
				ENABLE_BITCODE = NO;
				INFOPLIST_FILE = "Birthday Countdown/Info.plist";
				LD_RUNPATH_SEARCH_PATHS = "$(inherited) @executable_path/Frameworks";
				OTHER_SWIFT_FLAGS = "-DBIRTHDAY";
				PRODUCT_BUNDLE_IDENTIFIER = "com.JetmaxStudios.Birthday-Countdown";
				PRODUCT_NAME = "$(TARGET_NAME)";
				SWIFT_VERSION = 3.0;
			};
			name = Release;
		};
/* End XCBuildConfiguration section */

/* Begin XCConfigurationList section */
		27E924C31F57AE7200739DE7 /* Build configuration list for PBXNativeTarget "Christmas Countdown" */ = {
			isa = XCConfigurationList;
			buildConfigurations = (
				27E924C41F57AE7200739DE7 /* Debug */,
				27E924C51F57AE7200739DE7 /* Release */,
			);
			defaultConfigurationIsVisible = 0;
			defaultConfigurationName = Release;
		};
		9525E0081F35447D008E6815 /* Build configuration list for PBXProject "Birthday Countdown" */ = {
			isa = XCConfigurationList;
			buildConfigurations = (
				9525E01D1F35447D008E6815 /* Debug */,
				9525E01E1F35447D008E6815 /* Release */,
			);
			defaultConfigurationIsVisible = 0;
			defaultConfigurationName = Release;
		};
		9525E01F1F35447D008E6815 /* Build configuration list for PBXNativeTarget "Birthday Countdown" */ = {
			isa = XCConfigurationList;
			buildConfigurations = (
				9525E0201F35447D008E6815 /* Debug */,
				9525E0211F35447D008E6815 /* Release */,
			);
			defaultConfigurationIsVisible = 0;
			defaultConfigurationName = Release;
		};
/* End XCConfigurationList section */
	};
	rootObject = 9525E0051F35447D008E6815 /* Project object */;
}
